
Microsoft Visual Studio Solution File, Format Version 12.00
# Visual Studio Express 2012 for Web
Project("{FAE04EC0-301F-11D3-BF4B-00C04F79EFBC}") = "MvcGarageStore", "MvcGarageStore\MvcGarageStore.csproj", "{AD26C980-BFEA-413E-8A51-FC6E5FD2E307}"
EndProject
Global
	GlobalSection(SolutionConfigurationPlatforms) = preSolution
		Debug|Any CPU = Debug|Any CPU
		Release|Any CPU = Release|Any CPU
	EndGlobalSection
	GlobalSection(ProjectConfigurationPlatforms) = postSolution
		{AD26C980-BFEA-413E-8A51-FC6E5FD2E307}.Debug|Any CPU.ActiveCfg = Debug|Any CPU
		{AD26C980-BFEA-413E-8A51-FC6E5FD2E307}.Debug|Any CPU.Build.0 = Debug|Any CPU
		{AD26C980-BFEA-413E-8A51-FC6E5FD2E307}.Release|Any CPU.ActiveCfg = Release|Any CPU
		{AD26C980-BFEA-413E-8A51-FC6E5FD2E307}.Release|Any CPU.Build.0 = Release|Any CPU
	EndGlobalSection
	GlobalSection(SolutionProperties) = preSolution
		HideSolutionNode = FALSE
	EndGlobalSection
EndGlobal
